github.com/FreZZZeR/utils v1.1.0 h1:L53DiwBP96A9Dk7F2r+69ZoICScvYNwWvBQ9T9b7VWQ=
github.com/FreZZZeR/utils v1.1.0/go.mod h1:hO5ldeMW500IOyt77/PX95c0uB7jOSoikaUP5vYEGEA=
github.com/FreZZZeR/utils/v2 v2.0.0 h1:XGyFddpQv0wquzfRLNwaTKX0u04011MBZI+RfgPuiQM=
github.com/FreZZZeR/utils/v2 v2.0.0/go.mod h1:l0dzFipAttBSY27aTDJHThwUcMrLHYAbnI4tUm16Hys=
github.com/FreZZZeR/utils/v3 v3.0.0 h1:bIdagiRCUay4YkPa7FV8yggMJ8WBoiVQoBqPIpahx6A=
github.com/FreZZZeR/utils/v3 v3.0.0/go.mod h1:ZbCpQylsGV6R9WPzAUf/QFBEFTLuiboCussz9xLlNuw=
github.com/fatih/color v1.13.0 h1:8LOYc1KYPPmyKMuN8QV2DNRWNbLo6LZ0iLs8+mlH53w=
github.com/fatih/color v1.13.0/go.mod h1:kLAiJbzzSOZDVNGyDpeOxJ47H46qBXwg5ILebYFFOfk=
github.com/huandu/xstrings v1.4.0 h1:D17IlohoQq4UcpqD7fDk80P7l+lwAmlFaBHgOipl2FU=
github.com/huandu/xstrings v1.4.0/go.mod h1:y5/lhBue+AyNmUVz9RLU9xbLR0o4KIIExikq4ovT0aE=
github.com/mattn/go-colorable v0.1.9 h1:sqDoxXbdeALODt0DAeJCVp38ps9ZogZEAXjus69YV3U=
github.com/mattn/go-colorable v0.1.9/go.mod h1:u6P/XSegPjTcexA+o6vUJrdnUu04hMope9wVRipJSqc=
github.com/mattn/go-isatty v0.0.12/go.mod h1:cbi8OIDigv2wuxKPP5vlRcQ1OAZbq2CE4Kysco4FUpU=
github.com/mattn/go-isatty v0.0.14 h1:yVuAays6BHfxijgZPzw+3Zlu5yQgKGP2/hcQbHb7S9Y=
github.com/mattn/go-isatty v0.0.14/go.mod h1:7GGIvUiUoEMVVmxf/4nioHXj79iQHKdU27kJ6hsGG94=
golang.org/x/sys v0.0.0-20200116001909-b77594299b42/go.mod h1:h1NjWce9XRLGQEsW7wpKNCjG9DtNlClVuFLEZdDNbEs=
golang.org/x/sys v0.0.0-20200223170610-d5e6a3e2c0ae/go.mod h1:h1NjWce9XRLGQEsW7wpKNCjG9DtNlClVuFLEZdDNbEs=
golang.org/x/sys v0.0.0-20210630005230-0f9fa26af87c h1:F1jZWGFhYfh0Ci55sIpILtKKK8p3i2/krTr0H1rg74I=
golang.org/x/sys v0.0.0-20210630005230-0f9fa26af87c/go.mod h1:oPkhp1MJrh7nUepCBck5+mAzfO9JrbApNNgaTdGDITg=
